
Microsoft Visual Studio Solution File, Format Version 12.00
# Visual Studio Version 16
VisualStudioVersion = 16.0.31624.102
MinimumVisualStudioVersion = 10.0.40219.1
Project("{9A19103F-16F7-4668-BE54-9A1E7A4F7556}") = "BuildApp", "BuildApp.csproj", "{3AB28834-F42E-446F-9E47-0381E33396F4}"
EndProject
Project("{FAE04EC0-301F-11D3-BF4B-00C04F79EFBC}") = "TestProject2", "..\TestProject2\TestProject2.csproj", "{A355FDF8-C1F4-4D1C-93B5-6BE528EB5A30}"
EndProject
Global
	GlobalSection(SolutionConfigurationPlatforms) = preSolution
		Debug|Any CPU = Debug|Any CPU
		Release|Any CPU = Release|Any CPU
	EndGlobalSection
	GlobalSection(ProjectConfigurationPlatforms) = postSolution
		{3AB28834-F42E-446F-9E47-0381E33396F4}.Debug|Any CPU.ActiveCfg = Debug|Any CPU
		{3AB28834-F42E-446F-9E47-0381E33396F4}.Debug|Any CPU.Build.0 = Debug|Any CPU
		{3AB28834-F42E-446F-9E47-0381E33396F4}.Release|Any CPU.ActiveCfg = Release|Any CPU
		{3AB28834-F42E-446F-9E47-0381E33396F4}.Release|Any CPU.Build.0 = Release|Any CPU
		{A355FDF8-C1F4-4D1C-93B5-6BE528EB5A30}.Debug|Any CPU.ActiveCfg = Debug|Any CPU
		{A355FDF8-C1F4-4D1C-93B5-6BE528EB5A30}.Debug|Any CPU.Build.0 = Debug|Any CPU
		{A355FDF8-C1F4-4D1C-93B5-6BE528EB5A30}.Release|Any CPU.ActiveCfg = Release|Any CPU
		{A355FDF8-C1F4-4D1C-93B5-6BE528EB5A30}.Release|Any CPU.Build.0 = Release|Any CPU
	EndGlobalSection
	GlobalSection(SolutionProperties) = preSolution
		HideSolutionNode = FALSE
	EndGlobalSection
	GlobalSection(ExtensibilityGlobals) = postSolution
		SolutionGuid = {B75F5420-4ED4-489D-8AAC-FFB710B79F3A}
	EndGlobalSection
EndGlobal
